
Microsoft Visual Studio Solution File, Format Version 12.00
# Visual Studio Version 16
VisualStudioVersion = 16.0.30523.141
MinimumVisualStudioVersion = 10.0.40219.1
Project("{FAE04EC0-301F-11D3-BF4B-00C04F79EFBC}") = "NewBrandingStyle.Web", "NewBrandingStyle.Web\NewBrandingStyle.Web.csproj", "{44C18A91-2C26-4439-B779-74015A2B138C}"
EndProject
Global
	GlobalSection(SolutionConfigurationPlatforms) = preSolution
		Debug|Any CPU = Debug|Any CPU
		Release|Any CPU = Release|Any CPU
	EndGlobalSection
	GlobalSection(ProjectConfigurationPlatforms) = postSolution
		{44C18A91-2C26-4439-B779-74015A2B138C}.Debug|Any CPU.ActiveCfg = Debug|Any CPU
		{44C18A91-2C26-4439-B779-74015A2B138C}.Debug|Any CPU.Build.0 = Debug|Any CPU
		{44C18A91-2C26-4439-B779-74015A2B138C}.Release|Any CPU.ActiveCfg = Release|Any CPU
		{44C18A91-2C26-4439-B779-74015A2B138C}.Release|Any CPU.Build.0 = Release|Any CPU
	EndGlobalSection
	GlobalSection(SolutionProperties) = preSolution
		HideSolutionNode = FALSE
	EndGlobalSection
	GlobalSection(ExtensibilityGlobals) = postSolution
		SolutionGuid = {7451D06F-9BDA-4AAA-BBF5-7E96D488AB5C}
	EndGlobalSection
EndGlobal
